// !$*UTF8*$!
{
	archiveVersion = 1;
	classes = {
	};
	objectVersion = 46;
	objects = {

/* Begin PBXBuildFile section */
		110091751D88EEEF00692291 /* AppDelegate.swift in Sources */ = {isa = PBXBuildFile; fileRef = 110091741D88EEEF00692291 /* AppDelegate.swift */; };
		110091771D88EEEF00692291 /* ViewController.swift in Sources */ = {isa = PBXBuildFile; fileRef = 110091761D88EEEF00692291 /* ViewController.swift */; };
		1100917A1D88EEEF00692291 /* Main.storyboard in Resources */ = {isa = PBXBuildFile; fileRef = 110091781D88EEEF00692291 /* Main.storyboard */; };
		1100917C1D88EEEF00692291 /* Assets.xcassets in Resources */ = {isa = PBXBuildFile; fileRef = 1100917B1D88EEEF00692291 /* Assets.xcassets */; };
		1100917F1D88EEEF00692291 /* LaunchScreen.storyboard in Resources */ = {isa = PBXBuildFile; fileRef = 1100917D1D88EEEF00692291 /* LaunchScreen.storyboard */; };
		110CBECB1D95AE200097074D /* images.xcassets in Resources */ = {isa = PBXBuildFile; fileRef = 110CBECA1D95AE200097074D /* images.xcassets */; };
		11DEEF9E1D8B02220052765C /* CalculatorBrain.swift in Sources */ = {isa = PBXBuildFile; fileRef = 11DEEF9D1D8B02220052765C /* CalculatorBrain.swift */; };
/* End PBXBuildFile section */

/* Begin PBXFileReference section */
		110091711D88EEEF00692291 /* Calculator.app */ = {isa = PBXFileReference; explicitFileType = wrapper.application; includeInIndex = 0; path = Calculator.app; sourceTree = BUILT_PRODUCTS_DIR; };
		110091741D88EEEF00692291 /* AppDelegate.swift */ = {isa = PBXFileReference; lastKnownFileType = sourcecode.swift; path = AppDelegate.swift; sourceTree = "<group>"; };
		110091761D88EEEF00692291 /* ViewController.swift */ = {isa = PBXFileReference; lastKnownFileType = sourcecode.swift; path = ViewController.swift; sourceTree = "<group>"; };
		110091791D88EEEF00692291 /* Base */ = {isa = PBXFileReference; lastKnownFileType = file.storyboard; name = Base; path = Base.lproj/Main.storyboard; sourceTree = "<group>"; };
		1100917B1D88EEEF00692291 /* Assets.xcassets */ = {isa = PBXFileReference; lastKnownFileType = folder.assetcatalog; path = Assets.xcassets; sourceTree = "<group>"; };
		1100917E1D88EEEF00692291 /* Base */ = {isa = PBXFileReference; lastKnownFileType = file.storyboard; name = Base; path = Base.lproj/LaunchScreen.storyboard; sourceTree = "<group>"; };
		110091801D88EEEF00692291 /* Info.plist */ = {isa = PBXFileReference; lastKnownFileType = text.plist.xml; path = Info.plist; sourceTree = "<group>"; };
		110CBECA1D95AE200097074D /* images.xcassets */ = {isa = PBXFileReference; lastKnownFileType = folder.assetcatalog; path = images.xcassets; sourceTree = "<group>"; };
		11DEEF9D1D8B02220052765C /* CalculatorBrain.swift */ = {isa = PBXFileReference; fileEncoding = 4; lastKnownFileType = sourcecode.swift; path = CalculatorBrain.swift; sourceTree = "<group>"; };
/* End PBXFileReference section */

/* Begin PBXFrameworksBuildPhase section */
		1100916E1D88EEEF00692291 /* Frameworks */ = {
			isa = PBXFrameworksBuildPhase;
			buildActionMask = 2147483647;
			files = (
			);
			runOnlyForDeploymentPostprocessing = 0;
		};
/* End PBXFrameworksBuildPhase section */

/* Begin PBXGroup section */
		110091681D88EEEF00692291 = {
			isa = PBXGroup;
			children = (
				110091731D88EEEF00692291 /* Calculator */,
				110091721D88EEEF00692291 /* Products */,
			);
			sourceTree = "<group>";
		};
		110091721D88EEEF00692291 /* Products */ = {
			isa = PBXGroup;
			children = (
				110091711D88EEEF00692291 /* Calculator.app */,
			);
			name = Products;
			sourceTree = "<group>";
		};
		110091731D88EEEF00692291 /* Calculator */ = {
			isa = PBXGroup;
			children = (
				110091761D88EEEF00692291 /* ViewController.swift */,
				11DEEF9D1D8B02220052765C /* CalculatorBrain.swift */,
				110091781D88EEEF00692291 /* Main.storyboard */,
				110CBECA1D95AE200097074D /* images.xcassets */,
				110091861D88F08400692291 /* Supporting Files */,
			);
			path = Calculator;
			sourceTree = "<group>";
		};
		110091861D88F08400692291 /* Supporting Files */ = {
			isa = PBXGroup;
			children = (
				110091741D88EEEF00692291 /* AppDelegate.swift */,
				1100917B1D88EEEF00692291 /* Assets.xcassets */,
				1100917D1D88EEEF00692291 /* LaunchScreen.storyboard */,
				110091801D88EEEF00692291 /* Info.plist */,
			);
			name = "Supporting Files";
			sourceTree = "<group>";
		};
/* End PBXGroup section */

/* Begin PBXNativeTarget section */
		110091701D88EEEF00692291 /* Calculator */ = {
			isa = PBXNativeTarget;
			buildConfigurationList = 110091831D88EEEF00692291 /* Build configuration list for PBXNativeTarget "Calculator" */;
			buildPhases = (
				1100916D1D88EEEF00692291 /* Sources */,
				1100916E1D88EEEF00692291 /* Frameworks */,
				1100916F1D88EEEF00692291 /* Resources */,
			);
			buildRules = (
			);
			dependencies = (
			);
			name = Calculator;
			productName = Calculator;
			productReference = 110091711D88EEEF00692291 /* Calculator.app */;
			productType = "com.apple.product-type.application";
		};
/* End PBXNativeTarget section */

/* Begin PBXProject section */
		110091691D88EEEF00692291 /* Project object */ = {
			isa = PBXProject;
			attributes = {
				LastSwiftUpdateCheck = 0800;
				LastUpgradeCheck = 0820;
				ORGANIZATIONNAME = Zac.com;
				TargetAttributes = {
					110091701D88EEEF00692291 = {
						CreatedOnToolsVersion = 8.0;
						DevelopmentTeam = D4VUX96KKD;
						ProvisioningStyle = Automatic;
					};
				};
			};
			buildConfigurationList = 1100916C1D88EEEF00692291 /* Build configuration list for PBXProject "Calculator" */;
			compatibilityVersion = "Xcode 3.2";
			developmentRegion = English;
			hasScannedForEncodings = 0;
			knownRegions = (
				en,
				Base,
			);
			mainGroup = 110091681D88EEEF00692291;
			productRefGroup = 110091721D88EEEF00692291 /* Products */;
			projectDirPath = "";
			projectRoot = "";
			targets = (
				110091701D88EEEF00692291 /* Calculator */,
			);
		};
/* End PBXProject section */

/* Begin PBXResourcesBuildPhase section */
		1100916F1D88EEEF00692291 /* Resources */ = {
			isa = PBXResourcesBuildPhase;
			buildActionMask = 2147483647;
			files = (
				1100917F1D88EEEF00692291 /* LaunchScreen.storyboard in Resources */,
				110CBECB1D95AE200097074D /* images.xcassets in Resources */,
				1100917C1D88EEEF00692291 /* Assets.xcassets in Resources */,
				1100917A1D88EEEF00692291 /* Main.storyboard in Resources */,
			);
			runOnlyForDeploymentPostprocessing = 0;
		};
/* End PBXResourcesBuildPhase section */

/* Begin PBXSourcesBuildPhase section */
		1100916D1D88EEEF00692291 /* Sources */ = {
			isa = PBXSourcesBuildPhase;
			buildActionMask = 2147483647;
			files = (
				11DEEF9E1D8B02220052765C /* CalculatorBrain.swift in Sources */,
				110091771D88EEEF00692291 /* ViewController.swift in Sources */,
				110091751D88EEEF00692291 /* AppDelegate.swift in Sources */,
			);
			runOnlyForDeploymentPostprocessing = 0;
		};
/* End PBXSourcesBuildPhase section */

/* Begin PBXVariantGroup section */
		110091781D88EEEF00692291 /* Main.storyboard */ = {
			isa = PBXVariantGroup;
			children = (
				110091791D88EEEF00692291 /* Base */,
			);
			name = Main.storyboard;
			sourceTree = "<group>";
		};
		1100917D1D88EEEF00692291 /* LaunchScreen.storyboard */ = {
			isa = PBXVariantGroup;
			children = (
				1100917E1D88EEEF00692291 /* Base */,
			);
			name = LaunchScreen.storyboard;
			sourceTree = "<group>";
		};
/* End PBXVariantGroup section */

/* Begin XCBuildConfiguration section */
		110091811D88EEEF00692291 /* Debug */ = {
			isa = XCBuildConfiguration;
			buildSettings = {
				ALWAYS_SEARCH_USER_PATHS = NO;
				CLANG_ANALYZER_NONNULL = YES;
				CLANG_CXX_LANGUAGE_STANDARD = "gnu++0x";
				CLANG_CXX_LIBRARY = "libc++";
				CLANG_ENABLE_MODULES = YES;
				CLANG_ENABLE_OBJC_ARC = YES;
				CLANG_WARN_BOOL_CONVERSION = YES;
				CLANG_WARN_CONSTANT_CONVERSION = YES;
				CLANG_WARN_DIRECT_OBJC_ISA_USAGE = YES_ERROR;
				CLANG_WARN_DOCUMENTATION_COMMENTS = YES;
				CLANG_WARN_EMPTY_BODY = YES;
				CLANG_WARN_ENUM_CONVERSION = YES;
				CLANG_WARN_INFINITE_RECURSION = YES;
				CLANG_WARN_INT_CONVERSION = YES;
				CLANG_WARN_OBJC_ROOT_CLASS = YES_ERROR;
				CLANG_WARN_SUSPICIOUS_MOVE = YES;
				CLANG_WARN_SUSPICIOUS_MOVES = YES;
				CLANG_WARN_UNREACHABLE_CODE = YES;
				CLANG_WARN__DUPLICATE_METHOD_MATCH = YES;
				"CODE_SIGN_IDENTITY[sdk=iphoneos*]" = "iPhone Developer";
				COPY_PHASE_STRIP = NO;
				DEBUG_INFORMATION_FORMAT = dwarf;
				ENABLE_STRICT_OBJC_MSGSEND = YES;
				ENABLE_TESTABILITY = YES;
				GCC_C_LANGUAGE_STANDARD = gnu99;
				GCC_DYNAMIC_NO_PIC = NO;
				GCC_NO_COMMON_BLOCKS = YES;
				GCC_OPTIMIZATION_LEVEL = 0;
				GCC_PREPROCESSOR_DEFINITIONS = (
					"DEBUG=1",
					"$(inherited)",
				);
				GCC_WARN_64_TO_32_BIT_CONVERSION = YES;
				GCC_WARN_ABOUT_RETURN_TYPE = YES_ERROR;
				GCC_WARN_UNDECLARED_SELECTOR = YES;
				GCC_WARN_UNINITIALIZED_AUTOS = YES_AGGRESSIVE;
				GCC_WARN_UNUSED_FUNCTION = YES;
				GCC_WARN_UNUSED_VARIABLE = YES;
				IPHONEOS_DEPLOYMENT_TARGET = 10.0;
				MTL_ENABLE_DEBUG_INFO = YES;
				ONLY_ACTIVE_ARCH = YES;
				SDKROOT = iphoneos;
				SWIFT_ACTIVE_COMPILATION_CONDITIONS = DEBUG;
				SWIFT_OPTIMIZATION_LEVEL = "-Onone";
				TARGETED_DEVICE_FAMILY = "1,2";
			};
			name = Debug;
		};
		110091821D88EEEF00692291 /* Release */ = {
			isa = XCBuildConfiguration;
			buildSettings = {
				ALWAYS_SEARCH_USER_PATHS = NO;
				CLANG_ANALYZER_NONNULL = YES;
				CLANG_CXX_LANGUAGE_STANDARD = "gnu++0x";
				CLANG_CXX_LIBRARY = "libc++";
				CLANG_ENABLE_MODULES = YES;
				CLANG_ENABLE_OBJC_ARC = YES;
				CLANG_WARN_BOOL_CONVERSION = YES;
				CLANG_WARN_CONSTANT_CONVERSION = YES;
				CLANG_WARN_DIRECT_OBJC_ISA_USAGE = YES_ERROR;
				CLANG_WARN_DOCUMENTATION_COMMENTS = YES;
				CLANG_WARN_EMPTY_BODY = YES;
				CLANG_WARN_ENUM_CONVERSION = YES;
				CLANG_WARN_INFINITE_RECURSION = YES;
				CLANG_WARN_INT_CONVERSION = YES;
				CLANG_WARN_OBJC_ROOT_CLASS = YES_ERROR;
				CLANG_WARN_SUSPICIOUS_MOVE = YES;
				CLANG_WARN_SUSPICIOUS_MOVES = YES;
				CLANG_WARN_UNREACHABLE_CODE = YES;
				CLANG_WARN__DUPLICATE_METHOD_MATCH = YES;
				"CODE_SIGN_IDENTITY[sdk=iphoneos*]" = "iPhone Developer";
				COPY_PHASE_STRIP = NO;
				DEBUG_INFORMATION_FORMAT = "dwarf-with-dsym";
				ENABLE_NS_ASSERTIONS = NO;
				ENABLE_STRICT_OBJC_MSGSEND = YES;
				GCC_C_LANGUAGE_STANDARD = gnu99;
				GCC_NO_COMMON_BLOCKS = YES;
				GCC_WARN_64_TO_32_BIT_CONVERSION = YES;
				GCC_WARN_ABOUT_RETURN_TYPE = YES_ERROR;
				GCC_WARN_UNDECLARED_SELECTOR = YES;
				GCC_WARN_UNINITIALIZED_AUTOS = YES_AGGRESSIVE;
				GCC_WARN_UNUSED_FUNCTION = YES;
				GCC_WARN_UNUSED_VARIABLE = YES;
				IPHONEOS_DEPLOYMENT_TARGET = 10.0;
				MTL_ENABLE_DEBUG_INFO = NO;
				SDKROOT = iphoneos;
				SWIFT_OPTIMIZATION_LEVEL = "-Owholemodule";
				TARGETED_DEVICE_FAMILY = "1,2";
				VALIDATE_PRODUCT = YES;
			};
			name = Release;
		};
		110091841D88EEEF00692291 /* Debug */ = {
			isa = XCBuildConfiguration;
			buildSettings = {
				ASSETCATALOG_COMPILER_APPICON_NAME = AppIcon;
				"CODE_SIGN_IDENTITY[sdk=iphoneos*]" = "iPhone Developer";
				DEVELOPMENT_TEAM = D4VUX96KKD;
				INFOPLIST_FILE = Calculator/Info.plist;
				IPHONEOS_DEPLOYMENT_TARGET = 10.2;
				LD_RUNPATH_SEARCH_PATHS = "$(inherited) @executable_path/Frameworks";
				PRODUCT_BUNDLE_IDENTIFIER = com.Zac.CalculatorX;
				PRODUCT_NAME = "$(TARGET_NAME)";
				SWIFT_VERSION = 3.0;
				TARGETED_DEVICE_FAMILY = "1,2";
			};
			name = Debug;
		};
		110091851D88EEEF00692291 /* Release */ = {
			isa = XCBuildConfiguration;
			buildSettings = {
				ASSETCATALOG_COMPILER_APPICON_NAME = AppIcon;
				"CODE_SIGN_IDENTITY[sdk=iphoneos*]" = "iPhone Developer";
				DEVELOPMENT_TEAM = D4VUX96KKD;
				INFOPLIST_FILE = Calculator/Info.plist;
				IPHONEOS_DEPLOYMENT_TARGET = 10.2;
				LD_RUNPATH_SEARCH_PATHS = "$(inherited) @executable_path/Frameworks";
				PRODUCT_BUNDLE_IDENTIFIER = com.Zac.CalculatorX;
				PRODUCT_NAME = "$(TARGET_NAME)";
				SWIFT_VERSION = 3.0;
				TARGETED_DEVICE_FAMILY = "1,2";
			};
			name = Release;
		};
/* End XCBuildConfiguration section */

/* Begin XCConfigurationList section */
		1100916C1D88EEEF00692291 /* Build configuration list for PBXProject "Calculator" */ = {
			isa = XCConfigurationList;
			buildConfigurations = (
				110091811D88EEEF00692291 /* Debug */,
				110091821D88EEEF00692291 /* Release */,
			);
			defaultConfigurationIsVisible = 0;
			defaultConfigurationName = Release;
		};
		110091831D88EEEF00692291 /* Build configuration list for PBXNativeTarget "Calculator" */ = {
			isa = XCConfigurationList;
			buildConfigurations = (
				110091841D88EEEF00692291 /* Debug */,
				110091851D88EEEF00692291 /* Release */,
			);
			defaultConfigurationIsVisible = 0;
			defaultConfigurationName = Release;
		};
/* End XCConfigurationList section */
	};
	rootObject = 110091691D88EEEF00692291 /* Project object */;
}
